
Microsoft Visual Studio Solution File, Format Version 12.00
# Visual Studio 15
VisualStudioVersion = 15.0.28307.1062
MinimumVisualStudioVersion = 10.0.40219.1
Project("{FAE04EC0-301F-11D3-BF4B-00C04F79EFBC}") = "FateManager", "FateManager\FateManager.csproj", "{4732958B-B997-4C40-A34F-096A63174736}"
EndProject
Global
	GlobalSection(SolutionConfigurationPlatforms) = preSolution
		Debug|Any CPU = Debug|Any CPU
		Release|Any CPU = Release|Any CPU
	EndGlobalSection
	GlobalSection(ProjectConfigurationPlatforms) = postSolution
		{4732958B-B997-4C40-A34F-096A63174736}.Debug|Any CPU.ActiveCfg = Debug|Any CPU
		{4732958B-B997-4C40-A34F-096A63174736}.Debug|Any CPU.Build.0 = Debug|Any CPU
		{4732958B-B997-4C40-A34F-096A63174736}.Release|Any CPU.ActiveCfg = Release|Any CPU
		{4732958B-B997-4C40-A34F-096A63174736}.Release|Any CPU.Build.0 = Release|Any CPU
	EndGlobalSection
	GlobalSection(SolutionProperties) = preSolution
		HideSolutionNode = FALSE
	EndGlobalSection
	GlobalSection(ExtensibilityGlobals) = postSolution
		SolutionGuid = {FD1E43E8-6E32-4F9A-91E5-2D79277CF79C}
	EndGlobalSection
EndGlobal
